
Microsoft Visual Studio Solution File, Format Version 12.00
# Visual Studio 15
VisualStudioVersion = 15.0.27004.2009
MinimumVisualStudioVersion = 10.0.40219.1
Project("{FAE04EC0-301F-11D3-BF4B-00C04F79EFBC}") = "TodoWeb", "TodoWeb\TodoWeb.csproj", "{D4A587A4-F4C7-41DC-BC59-69CE8B742C6A}"
EndProject
Project("{FAE04EC0-301F-11D3-BF4B-00C04F79EFBC}") = "TodoWeb.Tests", "TodoWeb.Tests\TodoWeb.Tests.csproj", "{5B431933-1BEB-44A6-AE20-FE2E469A4B99}"
EndProject
Global
	GlobalSection(SolutionConfigurationPlatforms) = preSolution
		Debug|Any CPU = Debug|Any CPU
		Release|Any CPU = Release|Any CPU
	EndGlobalSection
	GlobalSection(ProjectConfigurationPlatforms) = postSolution
		{D4A587A4-F4C7-41DC-BC59-69CE8B742C6A}.Debug|Any CPU.ActiveCfg = Debug|Any CPU
		{D4A587A4-F4C7-41DC-BC59-69CE8B742C6A}.Debug|Any CPU.Build.0 = Debug|Any CPU
		{D4A587A4-F4C7-41DC-BC59-69CE8B742C6A}.Release|Any CPU.ActiveCfg = Release|Any CPU
		{D4A587A4-F4C7-41DC-BC59-69CE8B742C6A}.Release|Any CPU.Build.0 = Release|Any CPU
		{5B431933-1BEB-44A6-AE20-FE2E469A4B99}.Debug|Any CPU.ActiveCfg = Debug|Any CPU
		{5B431933-1BEB-44A6-AE20-FE2E469A4B99}.Debug|Any CPU.Build.0 = Debug|Any CPU
		{5B431933-1BEB-44A6-AE20-FE2E469A4B99}.Release|Any CPU.ActiveCfg = Release|Any CPU
		{5B431933-1BEB-44A6-AE20-FE2E469A4B99}.Release|Any CPU.Build.0 = Release|Any CPU
	EndGlobalSection
	GlobalSection(SolutionProperties) = preSolution
		HideSolutionNode = FALSE
	EndGlobalSection
	GlobalSection(ExtensibilityGlobals) = postSolution
		SolutionGuid = {08827A3D-7517-4889-BCC3-8E3DCF9DA0DE}
	EndGlobalSection
EndGlobal
